
Microsoft Visual Studio Solution File, Format Version 11.00
# Visual Studio 2010
Project("{FAE04EC0-301F-11D3-BF4B-00C04F79EFBC}") = "Assembly-CSharp", "Assembly-CSharp.csproj", "{52F36142-E649-740B-DC8F-11294E0C731A}"
EndProject
Project("{FAE04EC0-301F-11D3-BF4B-00C04F79EFBC}") = "Assembly-CSharp-Editor", "Assembly-CSharp-Editor.csproj", "{3424798C-6097-FADD-E33C-A6F9F5E6834C}"
EndProject
Global
	GlobalSection(SolutionConfigurationPlatforms) = preSolution
		Debug|Any CPU = Debug|Any CPU
		Release|Any CPU = Release|Any CPU
	EndGlobalSection
	GlobalSection(ProjectConfigurationPlatforms) = postSolution
		{52F36142-E649-740B-DC8F-11294E0C731A}.Debug|Any CPU.ActiveCfg = Debug|Any CPU
		{52F36142-E649-740B-DC8F-11294E0C731A}.Debug|Any CPU.Build.0 = Debug|Any CPU
		{52F36142-E649-740B-DC8F-11294E0C731A}.Release|Any CPU.ActiveCfg = Release|Any CPU
		{52F36142-E649-740B-DC8F-11294E0C731A}.Release|Any CPU.Build.0 = Release|Any CPU
		{3424798C-6097-FADD-E33C-A6F9F5E6834C}.Debug|Any CPU.ActiveCfg = Debug|Any CPU
		{3424798C-6097-FADD-E33C-A6F9F5E6834C}.Debug|Any CPU.Build.0 = Debug|Any CPU
		{3424798C-6097-FADD-E33C-A6F9F5E6834C}.Release|Any CPU.ActiveCfg = Release|Any CPU
		{3424798C-6097-FADD-E33C-A6F9F5E6834C}.Release|Any CPU.Build.0 = Release|Any CPU
	EndGlobalSection
	GlobalSection(SolutionProperties) = preSolution
		HideSolutionNode = FALSE
	EndGlobalSection
EndGlobal
